Microsoft Visual Studio Solution File, Format Version 11.00
# Visual Studio 2008

Project("{4334FB5C-12A2-8102-AE51-F410EE5EEA11}") = "FootBallUniverse", "Assembly-CSharp-vs.csproj", "{03E714B1-FB93-239D-DF40-3F1F4934A481}"
EndProject
Project("{4334FB5C-12A2-8102-AE51-F410EE5EEA11}") = "FootBallUniverse", "Assembly-CSharp-Editor-vs.csproj", "{BCF506D0-286C-BFB5-62A5-E7DE0C26BD5A}"
EndProject
Global
	GlobalSection(SolutionConfigurationPlatforms) = preSolution
		Debug|Any CPU = Debug|Any CPU
		Release|Any CPU = Release|Any CPU
	EndGlobalSection
	GlobalSection(ProjectConfigurationPlatforms) = postSolution
		{03E714B1-FB93-239D-DF40-3F1F4934A481}.Debug|Any CPU.ActiveCfg = Debug|Any CPU
		{03E714B1-FB93-239D-DF40-3F1F4934A481}.Debug|Any CPU.Build.0 = Debug|Any CPU
		{03E714B1-FB93-239D-DF40-3F1F4934A481}.Release|Any CPU.ActiveCfg = Release|Any CPU
		{03E714B1-FB93-239D-DF40-3F1F4934A481}.Release|Any CPU.Build.0 = Release|Any CPU
		{BCF506D0-286C-BFB5-62A5-E7DE0C26BD5A}.Debug|Any CPU.ActiveCfg = Debug|Any CPU
		{BCF506D0-286C-BFB5-62A5-E7DE0C26BD5A}.Debug|Any CPU.Build.0 = Debug|Any CPU
		{BCF506D0-286C-BFB5-62A5-E7DE0C26BD5A}.Release|Any CPU.ActiveCfg = Release|Any CPU
		{BCF506D0-286C-BFB5-62A5-E7DE0C26BD5A}.Release|Any CPU.Build.0 = Release|Any CPU
	EndGlobalSection
	GlobalSection(SolutionProperties) = preSolution
		HideSolutionNode = FALSE
	EndGlobalSection
																																						GlobalSection(MonoDevelopProperties) = preSolution
		StartupItem = Assembly-CSharp.csproj
		Policies = $0
		$0.TextStylePolicy = $1
		$1.inheritsSet = null
		$1.scope = text/x-csharp
		$0.CSharpFormattingPolicy = $2
		$2.inheritsSet = Mono
		$2.inheritsScope = text/x-csharp
		$2.scope = text/x-csharp
		$0.TextStylePolicy = $3
		$3.FileWidth = 120
		$3.TabWidth = 4
		$3.EolMarker = Unix
		$3.inheritsSet = Mono
		$3.inheritsScope = text/plain
		$3.scope = text/plain
	EndGlobalSection

EndGlobal
